<?xml version="1.0" encoding="utf-8"?>
<Project ToolsVersion="4.0" xmlns="http://schemas.microsoft.com/developer/msbuild/2003">
  <ItemGroup>
    <Filter Include="ソース ファイル">
      <UniqueIdentifier>{4FC737F1-C7A5-4376-A066-2A32D752A2FF}</UniqueIdentifier>
      <Extensions>cpp;c;cc;cxx;def;odl;idl;hpj;bat;asm;asmx</Extensions>
    </Filter>
    <Filter Include="ヘッダー ファイル">
      <UniqueIdentifier>{93995380-89BD-4b04-88EB-625FBE52EBFB}</UniqueIdentifier>
      <Extensions>h;hh;hpp;hxx;hm;inl;inc;xsd</Extensions>
    </Filter>
    <Filter Include="リソース ファイル">
      <UniqueIdentifier>{67DA6AB6-F800-4c08-8B7A-83BB121AAD01}</UniqueIdentifier>
      <Extensions>rc;ico;cur;bmp;dlg;rc2;rct;bin;rgs;gif;jpg;jpeg;jpe;resx;tiff;tif;png;wav;mfcribbon-ms</Extensions>
    </Filter>
    <Filter Include="ソース ファイル\Application">
      <UniqueIdentifier>{aaa8b3b0-9915-4314-b29e-9e6aadcede01}</UniqueIdentifier>
    </Filter>
    <Filter Include="ソース ファイル\Application\Object">
      <UniqueIdentifier>{bc574e8d-c6fd-468d-b7ff-7ac9cea52e02}</UniqueIdentifier>
    </Filter>
    <Filter Include="ソース ファイル\Application\Object\2D">
      <UniqueIdentifier>{47ce8b45-b0cb-4aae-87ec-fb21131d9d95}</UniqueIdentifier>
    </Filter>
    <Filter Include="ソース ファイル\Application\Input">
      <UniqueIdentifier>{854a3d42-3ffc-487f-9816-6db15f9f2ad5}</UniqueIdentifier>
    </Filter>
    <Filter Include="ヘッダー ファイル\Application">
      <UniqueIdentifier>{67e183f9-de6a-4acc-ac39-46db5d90a22c}</UniqueIdentifier>
    </Filter>
    <Filter Include="ヘッダー ファイル\Application\Input">
      <UniqueIdentifier>{d4a20056-3b39-48f1-993b-109b09d53fa7}</UniqueIdentifier>
    </Filter>
    <Filter Include="ヘッダー ファイル\Application\Object">
      <UniqueIdentifier>{1dcc1938-c038-4c99-98a9-3f385b721f2b}</UniqueIdentifier>
    </Filter>
    <Filter Include="ヘッダー ファイル\Application\Object\2D">
      <UniqueIdentifier>{6a5ee4ab-04c8-4126-83c1-d94dbee986cd}</UniqueIdentifier>
    </Filter>
  </ItemGroup>
  <ItemGroup>
    <ClCompile Include="main.cpp">
      <Filter>ソース ファイル</Filter>
    </ClCompile>
    <ClCompile Include="application.cpp">
      <Filter>ソース ファイル\Application</Filter>
    </ClCompile>
    <ClCompile Include="barrier.cpp">
      <Filter>ソース ファイル\Application\Object\2D</Filter>
    </ClCompile>
    <ClCompile Include="bullet.cpp">
      <Filter>ソース ファイル\Application\Object\2D</Filter>
    </ClCompile>
    <ClCompile Include="effect.cpp">
      <Filter>ソース ファイル\Application\Object\2D</Filter>
    </ClCompile>
    <ClCompile Include="enemy.cpp">
      <Filter>ソース ファイル\Application\Object\2D</Filter>
    </ClCompile>
    <ClCompile Include="explosion.cpp">
      <Filter>ソース ファイル\Application\Object\2D</Filter>
    </ClCompile>
    <ClCompile Include="hp.cpp">
      <Filter>ソース ファイル\Application\Object\2D</Filter>
    </ClCompile>
    <ClCompile Include="object2D.cpp">
      <Filter>ソース ファイル\Application\Object\2D</Filter>
    </ClCompile>
    <ClCompile Include="player.cpp">
      <Filter>ソース ファイル\Application\Object\2D</Filter>
    </ClCompile>
    <ClCompile Include="bg.cpp">
      <Filter>ソース ファイル\Application\Object</Filter>
    </ClCompile>
    <ClCompile Include="number.cpp">
      <Filter>ソース ファイル\Application\Object\2D</Filter>
    </ClCompile>
    <ClCompile Include="object.cpp">
      <Filter>ソース ファイル\Application\Object</Filter>
    </ClCompile>
    <ClCompile Include="renderer.cpp">
      <Filter>ソース ファイル\Application</Filter>
    </ClCompile>
    <ClCompile Include="sound.cpp">
      <Filter>ソース ファイル\Application</Filter>
    </ClCompile>
    <ClCompile Include="texture.cpp">
      <Filter>ソース ファイル\Application</Filter>
    </ClCompile>
    <ClCompile Include="input.cpp">
      <Filter>ソース ファイル\Application\Input</Filter>
    </ClCompile>
    <ClCompile Include="input_joypad.cpp">
      <Filter>ソース ファイル\Application\Input</Filter>
    </ClCompile>
    <ClCompile Include="input_keybord.cpp">
      <Filter>ソース ファイル\Application\Input</Filter>
    </ClCompile>
    <ClCompile Include="score.cpp">
      <Filter>ソース ファイル\Application\Object\2D</Filter>
    </ClCompile>
  </ItemGroup>
  <ItemGroup>
    <ClInclude Include="main.h">
      <Filter>ヘッダー ファイル</Filter>
    </ClInclude>
    <ClInclude Include="application.h">
      <Filter>ヘッダー ファイル\Application</Filter>
    </ClInclude>
    <ClInclude Include="renderer.h">
      <Filter>ヘッダー ファイル\Application</Filter>
    </ClInclude>
    <ClInclude Include="sound.h">
      <Filter>ヘッダー ファイル\Application</Filter>
    </ClInclude>
    <ClInclude Include="texture.h">
      <Filter>ヘッダー ファイル\Application</Filter>
    </ClInclude>
    <ClInclude Include="input.h">
      <Filter>ヘッダー ファイル\Application\Input</Filter>
    </ClInclude>
    <ClInclude Include="input_joypad.h">
      <Filter>ヘッダー ファイル\Application\Input</Filter>
    </ClInclude>
    <ClInclude Include="input_keybord.h">
      <Filter>ヘッダー ファイル\Application\Input</Filter>
    </ClInclude>
    <ClInclude Include="bg.h">
      <Filter>ヘッダー ファイル\Application\Object</Filter>
    </ClInclude>
    <ClInclude Include="object.h">
      <Filter>ヘッダー ファイル\Application\Object</Filter>
    </ClInclude>
    <ClInclude Include="barrier.h">
      <Filter>ヘッダー ファイル\Application\Object\2D</Filter>
    </ClInclude>
    <ClInclude Include="bullet.h">
      <Filter>ヘッダー ファイル\Application\Object\2D</Filter>
    </ClInclude>
    <ClInclude Include="effect.h">
      <Filter>ヘッダー ファイル\Application\Object\2D</Filter>
    </ClInclude>
    <ClInclude Include="enemy.h">
      <Filter>ヘッダー ファイル\Application\Object\2D</Filter>
    </ClInclude>
    <ClInclude Include="explosion.h">
      <Filter>ヘッダー ファイル\Application\Object\2D</Filter>
    </ClInclude>
    <ClInclude Include="hp.h">
      <Filter>ヘッダー ファイル\Application\Object\2D</Filter>
    </ClInclude>
    <ClInclude Include="number.h">
      <Filter>ヘッダー ファイル\Application\Object\2D</Filter>
    </ClInclude>
    <ClInclude Include="object2D.h">
      <Filter>ヘッダー ファイル\Application\Object\2D</Filter>
    </ClInclude>
    <ClInclude Include="player.h">
      <Filter>ヘッダー ファイル\Application\Object\2D</Filter>
    </ClInclude>
    <ClInclude Include="score.h">
      <Filter>ヘッダー ファイル\Application\Object\2D</Filter>
    </ClInclude>
  </ItemGroup>
</Project>